{
  "name": "sadhu",
  "version": "0.0.1",
  "lockfileVersion": 1,
  "requires": true,
  "dependencies": {
    "brython": {
      "version": "3.8.0",
      "resolved": "https://registry.npmjs.org/brython/-/brython-3.8.0.tgz",
      "integrity": "sha512-4JAuE2j9fCHqFjvBvjNtpDsNsRhFlygsCpr/YA4hOTdz5cwpmuE/Pv1K5mkT8WWU9jgjPQBSxgvqi4SBx4oS9A=="
    },
    "fomantic-ui-css": {
      "version": "2.7.7",
      "resolved": "https://registry.npmjs.org/fomantic-ui-css/-/fomantic-ui-css-2.7.7.tgz",
      "integrity": "sha512-DFwDKPY71zgCmyZX8uuuQsjVNjek4FewTYi5EzgseSJfqmakCYfu3MpDrxCTjG1KjuFgMtezUCs9AJ3o61wR1A==",
      "requires": {
        "jquery": "^3.4.0"
      }
    },
    "jquery": {
      "version": "3.4.1",
      "resolved": "https://registry.npmjs.org/jquery/-/jquery-3.4.1.tgz",
      "integrity": "sha512-36+AdBzCL+y6qjw5Tx7HgzeGCzC81MDDgaUP8ld2zhx58HdqXGoBd+tHdrBMiyjGQs0Hxs/MLZTu/eHNJJuWPw=="
    },
    "mathjax": {
      "version": "2.7.5",
      "resolved": "https://registry.npmjs.org/mathjax/-/mathjax-2.7.5.tgz",
      "integrity": "sha512-OzsJNitEHAJB3y4IIlPCAvS0yoXwYjlo2Y4kmm9KQzyIBZt2d8yKRalby3uTRNN4fZQiGL2iMXjpdP1u2Rq2DQ=="
    }
  }
}
