{
  "name": "Pichayon",
  "version": "0.0.1",
  "lockfileVersion": 3,
  "requires": true,
  "packages": {
    "": {
      "name": "Pichayon",
      "version": "0.0.1",
      "license": "UNLICENSED",
      "dependencies": {
        "brython": "^3.8.9",
        "fomantic-ui-css": "^2.8.5"
      },
      "devDependencies": {}
    },
    "node_modules/brython": {
      "version": "3.11.3",
      "resolved": "https://registry.npmjs.org/brython/-/brython-3.11.3.tgz",
      "integrity": "sha512-rjNcww6o/U7Qf+FbkkQMJOfGRfKeiL45CtUjuRgrDF4ivRYSnFmnfb7tiNmFQP+M0gB1+TFbXeRrSv1ltbbBEg=="
    },
    "node_modules/fomantic-ui-css": {
      "version": "2.9.2",
      "resolved": "https://registry.npmjs.org/fomantic-ui-css/-/fomantic-ui-css-2.9.2.tgz",
      "integrity": "sha512-D2KogymuA0t7z7zLoekSorgpOKil+q8y09sfYmWP1LcEA1WYRcMKdm5okjnxn4eopl8j45WBnWrkgtobNSbY2w==",
      "dependencies": {
        "jquery": "^3.4.0"
      }
    },
    "node_modules/jquery": {
      "version": "3.7.0",
      "resolved": "https://registry.npmjs.org/jquery/-/jquery-3.7.0.tgz",
      "integrity": "sha512-umpJ0/k8X0MvD1ds0P9SfowREz2LenHsQaxSohMZ5OMNEU2r0tf8pdeEFTHMFxWVxKNyU9rTtK3CWzUCTKJUeQ=="
    }
  }
}
