{
  "name": "Pichayon",
  "version": "0.0.1",
  "lockfileVersion": 2,
  "requires": true,
  "packages": {
    "": {
      "name": "Pichayon",
      "version": "0.0.1",
      "license": "UNLICENSED",
      "dependencies": {
        "brython": "^3.8.9",
        "fomantic-ui-css": "^2.8.5"
      },
      "devDependencies": {}
    },
    "node_modules/brython": {
      "version": "3.9.5",
      "resolved": "https://registry.npmjs.org/brython/-/brython-3.9.5.tgz",
      "integrity": "sha512-oW2F7NdD1g56V4WU9Q470kiDWhFvvxZCm4Np8HyDPsk/RZX5lPR+QOMd8ROKmZGqBdcgZH0HOfD4O+r3+/1wNA=="
    },
    "node_modules/fomantic-ui-css": {
      "version": "2.8.8",
      "resolved": "https://registry.npmjs.org/fomantic-ui-css/-/fomantic-ui-css-2.8.8.tgz",
      "integrity": "sha512-mVzOha6ApNT0yolKHTt5MHla1aR7w8EKkk/B6FLaa8Bia48qhO1MDFKZriT93eS1RHOZzrN42GcNpT/mH6qMVA==",
      "dependencies": {
        "jquery": "^3.4.0"
      }
    },
    "node_modules/jquery": {
      "version": "3.6.0",
      "resolved": "https://registry.npmjs.org/jquery/-/jquery-3.6.0.tgz",
      "integrity": "sha512-JVzAR/AjBvVt2BmYhxRCSYysDsPcssdmTFnzyLEts9qNwmjmu4JTAMYubEfwVOSwpQ1I1sKKFcxhZCI2buerfw=="
    }
  },
  "dependencies": {
    "brython": {
      "version": "3.9.5",
      "resolved": "https://registry.npmjs.org/brython/-/brython-3.9.5.tgz",
      "integrity": "sha512-oW2F7NdD1g56V4WU9Q470kiDWhFvvxZCm4Np8HyDPsk/RZX5lPR+QOMd8ROKmZGqBdcgZH0HOfD4O+r3+/1wNA=="
    },
    "fomantic-ui-css": {
      "version": "2.8.8",
      "resolved": "https://registry.npmjs.org/fomantic-ui-css/-/fomantic-ui-css-2.8.8.tgz",
      "integrity": "sha512-mVzOha6ApNT0yolKHTt5MHla1aR7w8EKkk/B6FLaa8Bia48qhO1MDFKZriT93eS1RHOZzrN42GcNpT/mH6qMVA==",
      "requires": {
        "jquery": "^3.4.0"
      }
    },
    "jquery": {
      "version": "3.6.0",
      "resolved": "https://registry.npmjs.org/jquery/-/jquery-3.6.0.tgz",
      "integrity": "sha512-JVzAR/AjBvVt2BmYhxRCSYysDsPcssdmTFnzyLEts9qNwmjmu4JTAMYubEfwVOSwpQ1I1sKKFcxhZCI2buerfw=="
    }
  }
}
